Microsoft Visual Studio Solution File, Format Version 8.00
Project("{20D4826A-C6FA-45DB-90F4-C717570B9F32}") = "Pocket1945", "Pocket1945\Pocket1945.csdproj", "{77DC6C48-4DAE-401E-BDB7-DAFAAC6C1860}"
	ProjectSection(ProjectDependencies) = postProject
	EndProjectSection
EndProject
Global
	GlobalSection(SolutionConfiguration) = preSolution
		Debug = Debug
		Release = Release
	EndGlobalSection
	GlobalSection(ProjectConfiguration) = postSolution
		{77DC6C48-4DAE-401E-BDB7-DAFAAC6C1860}.Debug.ActiveCfg = Debug|Pocket PC
		{77DC6C48-4DAE-401E-BDB7-DAFAAC6C1860}.Debug.Build.0 = Debug|Pocket PC
		{77DC6C48-4DAE-401E-BDB7-DAFAAC6C1860}.Debug.Deploy.0 = Debug|Pocket PC
		{77DC6C48-4DAE-401E-BDB7-DAFAAC6C1860}.Release.ActiveCfg = Release|Pocket PC
		{77DC6C48-4DAE-401E-BDB7-DAFAAC6C1860}.Release.Build.0 = Release|Pocket PC
		{77DC6C48-4DAE-401E-BDB7-DAFAAC6C1860}.Release.Deploy.0 = Release|Pocket PC
	EndGlobalSection
	GlobalSection(ExtensibilityGlobals) = postSolution
	EndGlobalSection
	GlobalSection(ExtensibilityAddIns) = postSolution
	EndGlobalSection
EndGlobal
